// !$*UTF8*$!
{
	archiveVersion = 1;
	classes = {
	};
	objectVersion = 46;
	objects = {

/* Begin PBXBuildFile section */
		B554F2BC1A3A2C2C00836C79 /* images (1).jpeg in Resources */ = {isa = PBXBuildFile; fileRef = B554F2BB1A3A2C2C00836C79 /* images (1).jpeg */; };
		B58EE6351A3506F00085435F /* AppDelegate.swift in Sources */ = {isa = PBXBuildFile; fileRef = B58EE6341A3506F00085435F /* AppDelegate.swift */; };
		B58EE6371A3506F00085435F /* ViewController.swift in Sources */ = {isa = PBXBuildFile; fileRef = B58EE6361A3506F00085435F /* ViewController.swift */; };
		B58EE63A1A3506F00085435F /* Main.storyboard in Resources */ = {isa = PBXBuildFile; fileRef = B58EE6381A3506F00085435F /* Main.storyboard */; };
		B58EE63C1A3506F00085435F /* Images.xcassets in Resources */ = {isa = PBXBuildFile; fileRef = B58EE63B1A3506F00085435F /* Images.xcassets */; };
		B58EE63F1A3506F00085435F /* LaunchScreen.xib in Resources */ = {isa = PBXBuildFile; fileRef = B58EE63D1A3506F00085435F /* LaunchScreen.xib */; };
		B58EE64B1A3506F00085435F /* MusicTests.swift in Sources */ = {isa = PBXBuildFile; fileRef = B58EE64A1A3506F00085435F /* MusicTests.swift */; };
		B58EE6551A3535760085435F /* nirvana.mp3 in Resources */ = {isa = PBXBuildFile; fileRef = B58EE6541A3535750085435F /* nirvana.mp3 */; };
		B58EE6571A3535A50085435F /* AVFoundation.framework in Frameworks */ = {isa = PBXBuildFile; fileRef = B58EE6561A3535A50085435F /* AVFoundation.framework */; };
/* End PBXBuildFile section */

/* Begin PBXContainerItemProxy section */
		B58EE6451A3506F00085435F /* PBXContainerItemProxy */ = {
			isa = PBXContainerItemProxy;
			containerPortal = B58EE6271A3506F00085435F /* Project object */;
			proxyType = 1;
			remoteGlobalIDString = B58EE62E1A3506F00085435F;
			remoteInfo = Music;
		};
/* End PBXContainerItemProxy section */

/* Begin PBXFileReference section */
		B554F2BB1A3A2C2C00836C79 /* images (1).jpeg */ = {isa = PBXFileReference; lastKnownFileType = image.jpeg; path = "images (1).jpeg"; sourceTree = "<group>"; };
		B58EE62F1A3506F00085435F /* Music.app */ = {isa = PBXFileReference; explicitFileType = wrapper.application; includeInIndex = 0; path = Music.app; sourceTree = BUILT_PRODUCTS_DIR; };
		B58EE6331A3506F00085435F /* Info.plist */ = {isa = PBXFileReference; lastKnownFileType = text.plist.xml; path = Info.plist; sourceTree = "<group>"; };
		B58EE6341A3506F00085435F /* AppDelegate.swift */ = {isa = PBXFileReference; lastKnownFileType = sourcecode.swift; path = AppDelegate.swift; sourceTree = "<group>"; };
		B58EE6361A3506F00085435F /* ViewController.swift */ = {isa = PBXFileReference; lastKnownFileType = sourcecode.swift; path = ViewController.swift; sourceTree = "<group>"; };
		B58EE6391A3506F00085435F /* Base */ = {isa = PBXFileReference; lastKnownFileType = file.storyboard; name = Base; path = Base.lproj/Main.storyboard; sourceTree = "<group>"; };
		B58EE63B1A3506F00085435F /* Images.xcassets */ = {isa = PBXFileReference; lastKnownFileType = folder.assetcatalog; path = Images.xcassets; sourceTree = "<group>"; };
		B58EE63E1A3506F00085435F /* Base */ = {isa = PBXFileReference; lastKnownFileType = file.xib; name = Base; path = Base.lproj/LaunchScreen.xib; sourceTree = "<group>"; };
		B58EE6441A3506F00085435F /* MusicTests.xctest */ = {isa = PBXFileReference; explicitFileType = wrapper.cfbundle; includeInIndex = 0; path = MusicTests.xctest; sourceTree = BUILT_PRODUCTS_DIR; };
		B58EE6491A3506F00085435F /* Info.plist */ = {isa = PBXFileReference; lastKnownFileType = text.plist.xml; path = Info.plist; sourceTree = "<group>"; };
		B58EE64A1A3506F00085435F /* MusicTests.swift */ = {isa = PBXFileReference; lastKnownFileType = sourcecode.swift; path = MusicTests.swift; sourceTree = "<group>"; };
		B58EE6541A3535750085435F /* nirvana.mp3 */ = {isa = PBXFileReference; lastKnownFileType = audio.mp3; path = nirvana.mp3; sourceTree = "<group>"; };
		B58EE6561A3535A50085435F /* AVFoundation.framework */ = {isa = PBXFileReference; lastKnownFileType = wrapper.framework; name = AVFoundation.framework; path = System/Library/Frameworks/AVFoundation.framework; sourceTree = SDKROOT; };
/* End PBXFileReference section */

/* Begin PBXFrameworksBuildPhase section */
		B58EE62C1A3506F00085435F /* Frameworks */ = {
			isa = PBXFrameworksBuildPhase;
			buildActionMask = 2147483647;
			files = (
				B58EE6571A3535A50085435F /* AVFoundation.framework in Frameworks */,
			);
			runOnlyForDeploymentPostprocessing = 0;
		};
		B58EE6411A3506F00085435F /* Frameworks */ = {
			isa = PBXFrameworksBuildPhase;
			buildActionMask = 2147483647;
			files = (
			);
			runOnlyForDeploymentPostprocessing = 0;
		};
/* End PBXFrameworksBuildPhase section */

/* Begin PBXGroup section */
		B58EE6261A3506EF0085435F = {
			isa = PBXGroup;
			children = (
				B58EE6561A3535A50085435F /* AVFoundation.framework */,
				B58EE6311A3506F00085435F /* Music */,
				B58EE6471A3506F00085435F /* MusicTests */,
				B58EE6301A3506F00085435F /* Products */,
			);
			sourceTree = "<group>";
		};
		B58EE6301A3506F00085435F /* Products */ = {
			isa = PBXGroup;
			children = (
				B58EE62F1A3506F00085435F /* Music.app */,
				B58EE6441A3506F00085435F /* MusicTests.xctest */,
			);
			name = Products;
			sourceTree = "<group>";
		};
		B58EE6311A3506F00085435F /* Music */ = {
			isa = PBXGroup;
			children = (
				B58EE6341A3506F00085435F /* AppDelegate.swift */,
				B58EE6361A3506F00085435F /* ViewController.swift */,
				B58EE6381A3506F00085435F /* Main.storyboard */,
				B58EE63B1A3506F00085435F /* Images.xcassets */,
				B554F2BB1A3A2C2C00836C79 /* images (1).jpeg */,
				B58EE63D1A3506F00085435F /* LaunchScreen.xib */,
				B58EE6541A3535750085435F /* nirvana.mp3 */,
				B58EE6321A3506F00085435F /* Supporting Files */,
			);
			path = Music;
			sourceTree = "<group>";
		};
		B58EE6321A3506F00085435F /* Supporting Files */ = {
			isa = PBXGroup;
			children = (
				B58EE6331A3506F00085435F /* Info.plist */,
			);
			name = "Supporting Files";
			sourceTree = "<group>";
		};
		B58EE6471A3506F00085435F /* MusicTests */ = {
			isa = PBXGroup;
			children = (
				B58EE64A1A3506F00085435F /* MusicTests.swift */,
				B58EE6481A3506F00085435F /* Supporting Files */,
			);
			path = MusicTests;
			sourceTree = "<group>";
		};
		B58EE6481A3506F00085435F /* Supporting Files */ = {
			isa = PBXGroup;
			children = (
				B58EE6491A3506F00085435F /* Info.plist */,
			);
			name = "Supporting Files";
			sourceTree = "<group>";
		};
/* End PBXGroup section */

/* Begin PBXNativeTarget section */
		B58EE62E1A3506F00085435F /* Music */ = {
			isa = PBXNativeTarget;
			buildConfigurationList = B58EE64E1A3506F00085435F /* Build configuration list for PBXNativeTarget "Music" */;
			buildPhases = (
				B58EE62B1A3506F00085435F /* Sources */,
				B58EE62C1A3506F00085435F /* Frameworks */,
				B58EE62D1A3506F00085435F /* Resources */,
			);
			buildRules = (
			);
			dependencies = (
			);
			name = Music;
			productName = Music;
			productReference = B58EE62F1A3506F00085435F /* Music.app */;
			productType = "com.apple.product-type.application";
		};
		B58EE6431A3506F00085435F /* MusicTests */ = {
			isa = PBXNativeTarget;
			buildConfigurationList = B58EE6511A3506F00085435F /* Build configuration list for PBXNativeTarget "MusicTests" */;
			buildPhases = (
				B58EE6401A3506F00085435F /* Sources */,
				B58EE6411A3506F00085435F /* Frameworks */,
				B58EE6421A3506F00085435F /* Resources */,
			);
			buildRules = (
			);
			dependencies = (
				B58EE6461A3506F00085435F /* PBXTargetDependency */,
			);
			name = MusicTests;
			productName = MusicTests;
			productReference = B58EE6441A3506F00085435F /* MusicTests.xctest */;
			productType = "com.apple.product-type.bundle.unit-test";
		};
/* End PBXNativeTarget section */

/* Begin PBXProject section */
		B58EE6271A3506F00085435F /* Project object */ = {
			isa = PBXProject;
			attributes = {
				LastUpgradeCheck = 0610;
				ORGANIZATIONNAME = "Ben Chamla";
				TargetAttributes = {
					B58EE62E1A3506F00085435F = {
						CreatedOnToolsVersion = 6.1.1;
					};
					B58EE6431A3506F00085435F = {
						CreatedOnToolsVersion = 6.1.1;
						TestTargetID = B58EE62E1A3506F00085435F;
					};
				};
			};
			buildConfigurationList = B58EE62A1A3506F00085435F /* Build configuration list for PBXProject "Music" */;
			compatibilityVersion = "Xcode 3.2";
			developmentRegion = English;
			hasScannedForEncodings = 0;
			knownRegions = (
				en,
				Base,
			);
			mainGroup = B58EE6261A3506EF0085435F;
			productRefGroup = B58EE6301A3506F00085435F /* Products */;
			projectDirPath = "";
			projectRoot = "";
			targets = (
				B58EE62E1A3506F00085435F /* Music */,
				B58EE6431A3506F00085435F /* MusicTests */,
			);
		};
/* End PBXProject section */

/* Begin PBXResourcesBuildPhase section */
		B58EE62D1A3506F00085435F /* Resources */ = {
			isa = PBXResourcesBuildPhase;
			buildActionMask = 2147483647;
			files = (
				B58EE63A1A3506F00085435F /* Main.storyboard in Resources */,
				B58EE6551A3535760085435F /* nirvana.mp3 in Resources */,
				B58EE63F1A3506F00085435F /* LaunchScreen.xib in Resources */,
				B554F2BC1A3A2C2C00836C79 /* images (1).jpeg in Resources */,
				B58EE63C1A3506F00085435F /* Images.xcassets in Resources */,
			);
			runOnlyForDeploymentPostprocessing = 0;
		};
		B58EE6421A3506F00085435F /* Resources */ = {
			isa = PBXResourcesBuildPhase;
			buildActionMask = 2147483647;
			files = (
			);
			runOnlyForDeploymentPostprocessing = 0;
		};
/* End PBXResourcesBuildPhase section */

/* Begin PBXSourcesBuildPhase section */
		B58EE62B1A3506F00085435F /* Sources */ = {
			isa = PBXSourcesBuildPhase;
			buildActionMask = 2147483647;
			files = (
				B58EE6371A3506F00085435F /* ViewController.swift in Sources */,
				B58EE6351A3506F00085435F /* AppDelegate.swift in Sources */,
			);
			runOnlyForDeploymentPostprocessing = 0;
		};
		B58EE6401A3506F00085435F /* Sources */ = {
			isa = PBXSourcesBuildPhase;
			buildActionMask = 2147483647;
			files = (
				B58EE64B1A3506F00085435F /* MusicTests.swift in Sources */,
			);
			runOnlyForDeploymentPostprocessing = 0;
		};
/* End PBXSourcesBuildPhase section */

/* Begin PBXTargetDependency section */
		B58EE6461A3506F00085435F /* PBXTargetDependency */ = {
			isa = PBXTargetDependency;
			target = B58EE62E1A3506F00085435F /* Music */;
			targetProxy = B58EE6451A3506F00085435F /* PBXContainerItemProxy */;
		};
/* End PBXTargetDependency section */

/* Begin PBXVariantGroup section */
		B58EE6381A3506F00085435F /* Main.storyboard */ = {
			isa = PBXVariantGroup;
			children = (
				B58EE6391A3506F00085435F /* Base */,
			);
			name = Main.storyboard;
			sourceTree = "<group>";
		};
		B58EE63D1A3506F00085435F /* LaunchScreen.xib */ = {
			isa = PBXVariantGroup;
			children = (
				B58EE63E1A3506F00085435F /* Base */,
			);
			name = LaunchScreen.xib;
			sourceTree = "<group>";
		};
/* End PBXVariantGroup section */

/* Begin XCBuildConfiguration section */
		B58EE64C1A3506F00085435F /* Debug */ = {
			isa = XCBuildConfiguration;
			buildSettings = {
				ALWAYS_SEARCH_USER_PATHS = NO;
				CLANG_CXX_LANGUAGE_STANDARD = "gnu++0x";
				CLANG_CXX_LIBRARY = "libc++";
				CLANG_ENABLE_MODULES = YES;
				CLANG_ENABLE_OBJC_ARC = YES;
				CLANG_WARN_BOOL_CONVERSION = YES;
				CLANG_WARN_CONSTANT_CONVERSION = YES;
				CLANG_WARN_DIRECT_OBJC_ISA_USAGE = YES_ERROR;
				CLANG_WARN_EMPTY_BODY = YES;
				CLANG_WARN_ENUM_CONVERSION = YES;
				CLANG_WARN_INT_CONVERSION = YES;
				CLANG_WARN_OBJC_ROOT_CLASS = YES_ERROR;
				CLANG_WARN_UNREACHABLE_CODE = YES;
				CLANG_WARN__DUPLICATE_METHOD_MATCH = YES;
				"CODE_SIGN_IDENTITY[sdk=iphoneos*]" = "iPhone Developer";
				COPY_PHASE_STRIP = NO;
				ENABLE_STRICT_OBJC_MSGSEND = YES;
				GCC_C_LANGUAGE_STANDARD = gnu99;
				GCC_DYNAMIC_NO_PIC = NO;
				GCC_OPTIMIZATION_LEVEL = 0;
				GCC_PREPROCESSOR_DEFINITIONS = (
					"DEBUG=1",
					"$(inherited)",
				);
				GCC_SYMBOLS_PRIVATE_EXTERN = NO;
				GCC_WARN_64_TO_32_BIT_CONVERSION = YES;
				GCC_WARN_ABOUT_RETURN_TYPE = YES_ERROR;
				GCC_WARN_UNDECLARED_SELECTOR = YES;
				GCC_WARN_UNINITIALIZED_AUTOS = YES_AGGRESSIVE;
				GCC_WARN_UNUSED_FUNCTION = YES;
				GCC_WARN_UNUSED_VARIABLE = YES;
				IPHONEOS_DEPLOYMENT_TARGET = 8.1;
				MTL_ENABLE_DEBUG_INFO = YES;
				ONLY_ACTIVE_ARCH = YES;
				SDKROOT = iphoneos;
				SWIFT_OPTIMIZATION_LEVEL = "-Onone";
			};
			name = Debug;
		};
		B58EE64D1A3506F00085435F /* Release */ = {
			isa = XCBuildConfiguration;
			buildSettings = {
				ALWAYS_SEARCH_USER_PATHS = NO;
				CLANG_CXX_LANGUAGE_STANDARD = "gnu++0x";
				CLANG_CXX_LIBRARY = "libc++";
				CLANG_ENABLE_MODULES = YES;
				CLANG_ENABLE_OBJC_ARC = YES;
				CLANG_WARN_BOOL_CONVERSION = YES;
				CLANG_WARN_CONSTANT_CONVERSION = YES;
				CLANG_WARN_DIRECT_OBJC_ISA_USAGE = YES_ERROR;
				CLANG_WARN_EMPTY_BODY = YES;
				CLANG_WARN_ENUM_CONVERSION = YES;
				CLANG_WARN_INT_CONVERSION = YES;
				CLANG_WARN_OBJC_ROOT_CLASS = YES_ERROR;
				CLANG_WARN_UNREACHABLE_CODE = YES;
				CLANG_WARN__DUPLICATE_METHOD_MATCH = YES;
				"CODE_SIGN_IDENTITY[sdk=iphoneos*]" = "iPhone Developer";
				COPY_PHASE_STRIP = YES;
				ENABLE_NS_ASSERTIONS = NO;
				ENABLE_STRICT_OBJC_MSGSEND = YES;
				GCC_C_LANGUAGE_STANDARD = gnu99;
				GCC_WARN_64_TO_32_BIT_CONVERSION = YES;
				GCC_WARN_ABOUT_RETURN_TYPE = YES_ERROR;
				GCC_WARN_UNDECLARED_SELECTOR = YES;
				GCC_WARN_UNINITIALIZED_AUTOS = YES_AGGRESSIVE;
				GCC_WARN_UNUSED_FUNCTION = YES;
				GCC_WARN_UNUSED_VARIABLE = YES;
				IPHONEOS_DEPLOYMENT_TARGET = 8.1;
				MTL_ENABLE_DEBUG_INFO = NO;
				SDKROOT = iphoneos;
				VALIDATE_PRODUCT = YES;
			};
			name = Release;
		};
		B58EE64F1A3506F00085435F /* Debug */ = {
			isa = XCBuildConfiguration;
			buildSettings = {
				ASSETCATALOG_COMPILER_APPICON_NAME = AppIcon;
				INFOPLIST_FILE = Music/Info.plist;
				LD_RUNPATH_SEARCH_PATHS = "$(inherited) @executable_path/Frameworks";
				PRODUCT_NAME = "$(TARGET_NAME)";
			};
			name = Debug;
		};
		B58EE6501A3506F00085435F /* Release */ = {
			isa = XCBuildConfiguration;
			buildSettings = {
				ASSETCATALOG_COMPILER_APPICON_NAME = AppIcon;
				INFOPLIST_FILE = Music/Info.plist;
				LD_RUNPATH_SEARCH_PATHS = "$(inherited) @executable_path/Frameworks";
				PRODUCT_NAME = "$(TARGET_NAME)";
			};
			name = Release;
		};
		B58EE6521A3506F00085435F /* Debug */ = {
			isa = XCBuildConfiguration;
			buildSettings = {
				BUNDLE_LOADER = "$(TEST_HOST)";
				FRAMEWORK_SEARCH_PATHS = (
					"$(SDKROOT)/Developer/Library/Frameworks",
					"$(inherited)",
				);
				GCC_PREPROCESSOR_DEFINITIONS = (
					"DEBUG=1",
					"$(inherited)",
				);
				INFOPLIST_FILE = MusicTests/Info.plist;
				LD_RUNPATH_SEARCH_PATHS = "$(inherited) @executable_path/Frameworks @loader_path/Frameworks";
				PRODUCT_NAME = "$(TARGET_NAME)";
				TEST_HOST = "$(BUILT_PRODUCTS_DIR)/Music.app/Music";
			};
			name = Debug;
		};
		B58EE6531A3506F00085435F /* Release */ = {
			isa = XCBuildConfiguration;
			buildSettings = {
				BUNDLE_LOADER = "$(TEST_HOST)";
				FRAMEWORK_SEARCH_PATHS = (
					"$(SDKROOT)/Developer/Library/Frameworks",
					"$(inherited)",
				);
				INFOPLIST_FILE = MusicTests/Info.plist;
				LD_RUNPATH_SEARCH_PATHS = "$(inherited) @executable_path/Frameworks @loader_path/Frameworks";
				PRODUCT_NAME = "$(TARGET_NAME)";
				TEST_HOST = "$(BUILT_PRODUCTS_DIR)/Music.app/Music";
			};
			name = Release;
		};
/* End XCBuildConfiguration section */

/* Begin XCConfigurationList section */
		B58EE62A1A3506F00085435F /* Build configuration list for PBXProject "Music" */ = {
			isa = XCConfigurationList;
			buildConfigurations = (
				B58EE64C1A3506F00085435F /* Debug */,
				B58EE64D1A3506F00085435F /* Release */,
			);
			defaultConfigurationIsVisible = 0;
			defaultConfigurationName = Release;
		};
		B58EE64E1A3506F00085435F /* Build configuration list for PBXNativeTarget "Music" */ = {
			isa = XCConfigurationList;
			buildConfigurations = (
				B58EE64F1A3506F00085435F /* Debug */,
				B58EE6501A3506F00085435F /* Release */,
			);
			defaultConfigurationIsVisible = 0;
			defaultConfigurationName = Release;
		};
		B58EE6511A3506F00085435F /* Build configuration list for PBXNativeTarget "MusicTests" */ = {
			isa = XCConfigurationList;
			buildConfigurations = (
				B58EE6521A3506F00085435F /* Debug */,
				B58EE6531A3506F00085435F /* Release */,
			);
			defaultConfigurationIsVisible = 0;
			defaultConfigurationName = Release;
		};
/* End XCConfigurationList section */
	};
	rootObject = B58EE6271A3506F00085435F /* Project object */;
}
